<?xml version="1.0" encoding="utf-8"?>
<Project ToolsVersion="4.0" xmlns="http://schemas.microsoft.com/developer/msbuild/2003">
  <ItemGroup>
    <Filter Include="UWEngineCommon">
      <UniqueIdentifier>{ee802b58-1898-47c1-b495-1988a6175aba}</UniqueIdentifier>
    </Filter>
    <Filter Include="Private">
      <UniqueIdentifier>{b126415d-f224-462e-9cd5-400b2fdcabb9}</UniqueIdentifier>
    </Filter>
    <Filter Include="UWEngineCommon\Util">
      <UniqueIdentifier>{a4686cf0-b0a4-4f2d-bba2-6d9a99d2ba17}</UniqueIdentifier>
    </Filter>
    <Filter Include="UWEngineCommon\Util\Private">
      <UniqueIdentifier>{604eb79c-890e-4d9f-89ff-1aa3972b90a8}</UniqueIdentifier>
    </Filter>
  </ItemGroup>
  <ItemGroup>
    <ClInclude Include="..\..\..\Source\UWEngineGeneric\Private\Precompiled.h">
      <Filter>Private</Filter>
    </ClInclude>
    <ClInclude Include="..\..\..\Source\UWEngineGeneric\IStaticMemoryPool.h" />
    <ClInclude Include="..\..\..\Source\UWEngineCommon\Defines.h">
      <Filter>UWEngineCommon</Filter>
    </ClInclude>
    <ClInclude Include="..\..\..\Source\UWEngineGeneric\IChunkedMemoryPool.h" />
    <ClInclude Include="..\..\..\Source\UWEngineCommon\Types.h">
      <Filter>UWEngineCommon</Filter>
    </ClInclude>
    <ClInclude Include="..\..\..\Source\UWEngineCommon\Util\HashFunction.h">
      <Filter>UWEngineCommon\Util</Filter>
    </ClInclude>
    <ClInclude Include="..\..\..\Source\UWEngineCommon\Util\Timer.h">
      <Filter>UWEngineCommon\Util</Filter>
    </ClInclude>
    <ClInclude Include="..\..\..\Source\UWEngineCommon\Util\FixedArray.h">
      <Filter>UWEngineCommon\Util</Filter>
    </ClInclude>
    <ClInclude Include="..\..\..\Source\UWEngineCommon\Util\HashMap.h">
      <Filter>UWEngineCommon\Util</Filter>
    </ClInclude>
    <ClInclude Include="..\..\..\Source\UWEngineCommon\Util\List.h">
      <Filter>UWEngineCommon\Util</Filter>
    </ClInclude>
  </ItemGroup>
  <ItemGroup>
    <ClCompile Include="..\..\..\Source\UWEngineGeneric\Private\Precompiled.cpp">
      <Filter>Private</Filter>
    </ClCompile>
    <ClCompile Include="..\..\..\Source\UWEngineGeneric\Private\DllMain.cpp">
      <Filter>Private</Filter>
    </ClCompile>
    <ClCompile Include="..\..\..\Source\UWEngineGeneric\Private\StaticMemoryPool.cpp">
      <Filter>Private</Filter>
    </ClCompile>
    <ClCompile Include="..\..\..\Source\UWEngineGeneric\Private\ChunkedMemoryPool.cpp">
      <Filter>Private</Filter>
    </ClCompile>
    <ClCompile Include="..\..\..\Source\UWEngineCommon\Util\Private\FixedArray.cpp">
      <Filter>UWEngineCommon\Util\Private</Filter>
    </ClCompile>
    <ClCompile Include="..\..\..\Source\UWEngineCommon\Util\Private\HashMap.cpp">
      <Filter>UWEngineCommon\Util\Private</Filter>
    </ClCompile>
    <ClCompile Include="..\..\..\Source\UWEngineCommon\Util\Private\List.cpp">
      <Filter>UWEngineCommon\Util\Private</Filter>
    </ClCompile>
    <ClCompile Include="..\..\..\Source\UWEngineCommon\Util\Private\Timer.cpp">
      <Filter>UWEngineCommon\Util\Private</Filter>
    </ClCompile>
    <ClCompile Include="..\..\..\Source\UWEngineCommon\Util\Private\HashFunction.cpp">
      <Filter>UWEngineCommon\Util\Private</Filter>
    </ClCompile>
  </ItemGroup>
</Project>