<?xml version="1.0" encoding="utf-8"?>
<Project ToolsVersion="4.0" xmlns="http://schemas.microsoft.com/developer/msbuild/2003">
  <ItemGroup>
    <Filter Include="UWEngineCommon">
      <UniqueIdentifier>{88b469e7-43db-47da-ba15-a734ce3223b2}</UniqueIdentifier>
    </Filter>
    <Filter Include="Private">
      <UniqueIdentifier>{c9211719-4499-410b-a023-4bc0b94e27d3}</UniqueIdentifier>
    </Filter>
    <Filter Include="UWEngineCommon\Util">
      <UniqueIdentifier>{a65b19b4-5a1c-4b58-9d49-9b9aa2a9a372}</UniqueIdentifier>
    </Filter>
  </ItemGroup>
  <ItemGroup>
    <ClInclude Include="..\..\..\Source\UWEngineCommon\Defines.h">
      <Filter>UWEngineCommon</Filter>
    </ClInclude>
    <ClInclude Include="..\..\..\Source\UWEngineCommon\UserDefines.h">
      <Filter>UWEngineCommon</Filter>
    </ClInclude>
    <ClInclude Include="..\..\..\Source\UWEngineRendererD3D11\Private\Precompiled.h">
      <Filter>Private</Filter>
    </ClInclude>
    <ClInclude Include="..\..\..\Source\UWEngineCommon\Types.h">
      <Filter>UWEngineCommon</Filter>
    </ClInclude>
    <ClInclude Include="..\..\..\Source\UWEngineCommon\Util\HashFunction.h">
      <Filter>UWEngineCommon\Util</Filter>
    </ClInclude>
    <ClInclude Include="..\..\..\Source\UWEngineCommon\Util\Timer.h">
      <Filter>UWEngineCommon\Util</Filter>
    </ClInclude>
    <ClInclude Include="..\..\..\Source\UWEngineCommon\Interfaces.h">
      <Filter>UWEngineCommon</Filter>
    </ClInclude>
    <ClInclude Include="..\..\..\Source\UWEngineCommon\CoreTypes.h">
      <Filter>UWEngineCommon</Filter>
    </ClInclude>
    <ClInclude Include="..\..\..\Source\UWEngineRendererD3D11\Private\DDSTextureLoader.h">
      <Filter>Private</Filter>
    </ClInclude>
    <ClInclude Include="..\..\..\Source\UWEngineRendererD3D11\Private\D3D11Helper.h">
      <Filter>Private</Filter>
    </ClInclude>
  </ItemGroup>
  <ItemGroup>
    <ClCompile Include="..\..\..\Source\UWEngineRendererD3D11\Private\DllMain.cpp">
      <Filter>Private</Filter>
    </ClCompile>
    <ClCompile Include="..\..\..\Source\UWEngineRendererD3D11\Private\Precompiled.cpp">
      <Filter>Private</Filter>
    </ClCompile>
    <ClCompile Include="..\..\..\Source\UWEngineRendererD3D11\Private\RendererD3D11.cpp">
      <Filter>Private</Filter>
    </ClCompile>
    <ClCompile Include="..\..\..\Source\UWEngineRendererD3D11\Private\MeshObject.cpp">
      <Filter>Private</Filter>
    </ClCompile>
    <ClCompile Include="..\..\..\Source\UWEngineRendererD3D11\Private\Camera.cpp">
      <Filter>Private</Filter>
    </ClCompile>
    <ClCompile Include="..\..\..\Source\UWEngineRendererD3D11\Private\DDSTextureLoader.cpp">
      <Filter>Private</Filter>
    </ClCompile>
    <ClCompile Include="..\..\..\Source\UWEngineRendererD3D11\Private\D3D11Helper.cpp">
      <Filter>Private</Filter>
    </ClCompile>
  </ItemGroup>
  <ItemGroup>
    <None Include="UWEngineRendererD3D11.def" />
  </ItemGroup>
</Project>