<?xml version="1.0" encoding="utf-8"?>
<Project ToolsVersion="4.0" xmlns="http://schemas.microsoft.com/developer/msbuild/2003">
  <ItemGroup>
    <Filter Include="UWEngineCommon">
      <UniqueIdentifier>{89b9842d-58ff-4c69-b3ce-f1dc68f081d3}</UniqueIdentifier>
    </Filter>
    <Filter Include="UWEngineCommon\Util">
      <UniqueIdentifier>{0ebe60a0-7843-4a0f-b81f-fbd25557d730}</UniqueIdentifier>
    </Filter>
    <Filter Include="Private">
      <UniqueIdentifier>{dfdccc42-de52-46ec-b7da-f0e8f7b27043}</UniqueIdentifier>
    </Filter>
  </ItemGroup>
  <ItemGroup>
    <ClInclude Include="..\..\..\Source\UWEngineCommon\Defines.h">
      <Filter>UWEngineCommon</Filter>
    </ClInclude>
    <ClInclude Include="..\..\..\Source\UWEngineCommon\Types.h">
      <Filter>UWEngineCommon</Filter>
    </ClInclude>
    <ClInclude Include="..\..\..\Source\UWEngineCommon\UserDefines.h">
      <Filter>UWEngineCommon</Filter>
    </ClInclude>
    <ClInclude Include="..\..\..\Source\UWEngineCommon\Util\HashFunction.h">
      <Filter>UWEngineCommon\Util</Filter>
    </ClInclude>
    <ClInclude Include="..\..\..\Source\UWEngineCommon\Util\Timer.h">
      <Filter>UWEngineCommon\Util</Filter>
    </ClInclude>
    <ClInclude Include="..\..\..\Source\UWEngineRendererD3D11_2D\Private\Precompiled.h">
      <Filter>Private</Filter>
    </ClInclude>
    <ClInclude Include="..\..\..\Source\UWEngineCommon\Interfaces.h">
      <Filter>UWEngineCommon</Filter>
    </ClInclude>
    <ClInclude Include="..\..\..\Source\UWEngineCommon\Typedef.h">
      <Filter>UWEngineCommon</Filter>
    </ClInclude>
  </ItemGroup>
  <ItemGroup>
    <None Include="UWEngineRendererD3D11_2D.def" />
  </ItemGroup>
  <ItemGroup>
    <ClCompile Include="..\..\..\Source\UWEngineRendererD3D11_2D\Private\Precompiled.cpp">
      <Filter>Private</Filter>
    </ClCompile>
    <ClCompile Include="..\..\..\Source\UWEngineRendererD3D11_2D\Private\DllMain.cpp">
      <Filter>Private</Filter>
    </ClCompile>
    <ClCompile Include="..\..\..\Source\UWEngineRendererD3D11_2D\Private\RendererD3D11_2D.cpp">
      <Filter>Private</Filter>
    </ClCompile>
    <ClCompile Include="..\..\..\Source\UWEngineRendererD3D11_2D\Private\Camera2D.cpp">
      <Filter>Private</Filter>
    </ClCompile>
    <ClCompile Include="..\..\..\Source\UWEngineRendererD3D11_2D\Private\MeshObject2D.cpp">
      <Filter>Private</Filter>
    </ClCompile>
  </ItemGroup>
</Project>